
Microsoft Visual Studio Solution File, Format Version 12.00
# Visual Studio Version 17
VisualStudioVersion = 17.7.34031.279
MinimumVisualStudioVersion = 10.0.40219.1
Project("{FAE04EC0-301F-11D3-BF4B-00C04F79EFBC}") = "ThreadTP", "ThreadTP\ThreadTP.csproj", "{E191B90D-3734-496B-A67C-DBDCE5E079A5}"
EndProject
Global
	GlobalSection(SolutionConfigurationPlatforms) = preSolution
		Debug|Any CPU = Debug|Any CPU
		Release|Any CPU = Release|Any CPU
	EndGlobalSection
	GlobalSection(ProjectConfigurationPlatforms) = postSolution
		{E191B90D-3734-496B-A67C-DBDCE5E079A5}.Debug|Any CPU.ActiveCfg = Debug|Any CPU
		{E191B90D-3734-496B-A67C-DBDCE5E079A5}.Debug|Any CPU.Build.0 = Debug|Any CPU
		{E191B90D-3734-496B-A67C-DBDCE5E079A5}.Release|Any CPU.ActiveCfg = Release|Any CPU
		{E191B90D-3734-496B-A67C-DBDCE5E079A5}.Release|Any CPU.Build.0 = Release|Any CPU
	EndGlobalSection
	GlobalSection(SolutionProperties) = preSolution
		HideSolutionNode = FALSE
	EndGlobalSection
	GlobalSection(ExtensibilityGlobals) = postSolution
		SolutionGuid = {A7E3548C-BD00-480B-86B7-9D66352256D9}
	EndGlobalSection
EndGlobal
