
Microsoft Visual Studio Solution File, Format Version 12.00
# Visual Studio Version 17
VisualStudioVersion = 17.7.34031.279
MinimumVisualStudioVersion = 10.0.40219.1
Project("{FAE04EC0-301F-11D3-BF4B-00C04F79EFBC}") = "ComputeAverageApp", "ComputeAverageApp\ComputeAverageApp.csproj", "{FCA947A9-1675-4637-B79B-FFA9E34D7557}"
EndProject
Global
	GlobalSection(SolutionConfigurationPlatforms) = preSolution
		Debug|Any CPU = Debug|Any CPU
		Release|Any CPU = Release|Any CPU
	EndGlobalSection
	GlobalSection(ProjectConfigurationPlatforms) = postSolution
		{FCA947A9-1675-4637-B79B-FFA9E34D7557}.Debug|Any CPU.ActiveCfg = Debug|Any CPU
		{FCA947A9-1675-4637-B79B-FFA9E34D7557}.Debug|Any CPU.Build.0 = Debug|Any CPU
		{FCA947A9-1675-4637-B79B-FFA9E34D7557}.Release|Any CPU.ActiveCfg = Release|Any CPU
		{FCA947A9-1675-4637-B79B-FFA9E34D7557}.Release|Any CPU.Build.0 = Release|Any CPU
	EndGlobalSection
	GlobalSection(SolutionProperties) = preSolution
		HideSolutionNode = FALSE
	EndGlobalSection
	GlobalSection(ExtensibilityGlobals) = postSolution
		SolutionGuid = {BC394ED1-DD8C-4D40-ABEF-97395A716CF4}
	EndGlobalSection
EndGlobal
