
Microsoft Visual Studio Solution File, Format Version 12.00
# Visual Studio Version 17
VisualStudioVersion = 17.7.34031.279
MinimumVisualStudioVersion = 10.0.40219.1
Project("{FAE04EC0-301F-11D3-BF4B-00C04F79EFBC}") = "LabExer1", "LabExer1\LabExer1.csproj", "{08595DC0-DCBF-4918-BE3C-45F88BAE7F0B}"
EndProject
Global
	GlobalSection(SolutionConfigurationPlatforms) = preSolution
		Debug|Any CPU = Debug|Any CPU
		Release|Any CPU = Release|Any CPU
	EndGlobalSection
	GlobalSection(ProjectConfigurationPlatforms) = postSolution
		{08595DC0-DCBF-4918-BE3C-45F88BAE7F0B}.Debug|Any CPU.ActiveCfg = Debug|Any CPU
		{08595DC0-DCBF-4918-BE3C-45F88BAE7F0B}.Debug|Any CPU.Build.0 = Debug|Any CPU
		{08595DC0-DCBF-4918-BE3C-45F88BAE7F0B}.Release|Any CPU.ActiveCfg = Release|Any CPU
		{08595DC0-DCBF-4918-BE3C-45F88BAE7F0B}.Release|Any CPU.Build.0 = Release|Any CPU
	EndGlobalSection
	GlobalSection(SolutionProperties) = preSolution
		HideSolutionNode = FALSE
	EndGlobalSection
	GlobalSection(ExtensibilityGlobals) = postSolution
		SolutionGuid = {FC3AE3FA-D070-45E0-AFB3-D3DFD6DA6778}
	EndGlobalSection
EndGlobal
