
Microsoft Visual Studio Solution File, Format Version 12.00
# Visual Studio Version 17
VisualStudioVersion = 17.7.34031.279
MinimumVisualStudioVersion = 10.0.40219.1
Project("{FAE04EC0-301F-11D3-BF4B-00C04F79EFBC}") = "StudentRegistrationApplication", "StudentRegistrationApplication\StudentRegistrationApplication.csproj", "{A4DFB6C4-C1BA-4FA9-B9A7-449BE51018BD}"
EndProject
Global
	GlobalSection(SolutionConfigurationPlatforms) = preSolution
		Debug|Any CPU = Debug|Any CPU
		Release|Any CPU = Release|Any CPU
	EndGlobalSection
	GlobalSection(ProjectConfigurationPlatforms) = postSolution
		{A4DFB6C4-C1BA-4FA9-B9A7-449BE51018BD}.Debug|Any CPU.ActiveCfg = Debug|Any CPU
		{A4DFB6C4-C1BA-4FA9-B9A7-449BE51018BD}.Debug|Any CPU.Build.0 = Debug|Any CPU
		{A4DFB6C4-C1BA-4FA9-B9A7-449BE51018BD}.Release|Any CPU.ActiveCfg = Release|Any CPU
		{A4DFB6C4-C1BA-4FA9-B9A7-449BE51018BD}.Release|Any CPU.Build.0 = Release|Any CPU
	EndGlobalSection
	GlobalSection(SolutionProperties) = preSolution
		HideSolutionNode = FALSE
	EndGlobalSection
	GlobalSection(ExtensibilityGlobals) = postSolution
		SolutionGuid = {E8E48024-F2F8-4E31-A46A-45AC381A922E}
	EndGlobalSection
EndGlobal
